
Microsoft Visual Studio Solution File, Format Version 12.00
# Visual Studio Version 16
VisualStudioVersion = 16.0.31112.23
MinimumVisualStudioVersion = 10.0.40219.1
Project("{FAE04EC0-301F-11D3-BF4B-00C04F79EFBC}") = "Gafarov_VKR", "Gafarov_VKR\Gafarov_VKR.csproj", "{84754E72-8485-4FCC-8BFB-29665557B6C3}"
EndProject
Global
	GlobalSection(SolutionConfigurationPlatforms) = preSolution
		Debug|Any CPU = Debug|Any CPU
		Release|Any CPU = Release|Any CPU
	EndGlobalSection
	GlobalSection(ProjectConfigurationPlatforms) = postSolution
		{84754E72-8485-4FCC-8BFB-29665557B6C3}.Debug|Any CPU.ActiveCfg = Debug|Any CPU
		{84754E72-8485-4FCC-8BFB-29665557B6C3}.Debug|Any CPU.Build.0 = Debug|Any CPU
		{84754E72-8485-4FCC-8BFB-29665557B6C3}.Release|Any CPU.ActiveCfg = Release|Any CPU
		{84754E72-8485-4FCC-8BFB-29665557B6C3}.Release|Any CPU.Build.0 = Release|Any CPU
	EndGlobalSection
	GlobalSection(SolutionProperties) = preSolution
		HideSolutionNode = FALSE
	EndGlobalSection
	GlobalSection(ExtensibilityGlobals) = postSolution
		SolutionGuid = {366CB3E4-B1CE-4124-9122-744668A480E8}
	EndGlobalSection
EndGlobal
